
Microsoft Visual Studio Solution File, Format Version 12.00
# Visual Studio Version 17
VisualStudioVersion = 17.12.35527.113 d17.12
MinimumVisualStudioVersion = 10.0.40219.1
Project("{FAE04EC0-301F-11D3-BF4B-00C04F79EFBC}") = "indigolabs_demo", "indigolabs_demo.csproj", "{75FBC870-4BA0-467F-B2AB-E92660F14172}"
EndProject
Global
	GlobalSection(SolutionConfigurationPlatforms) = preSolution
		Debug|Any CPU = Debug|Any CPU
		Release|Any CPU = Release|Any CPU
	EndGlobalSection
	GlobalSection(ProjectConfigurationPlatforms) = postSolution
		{75FBC870-4BA0-467F-B2AB-E92660F14172}.Debug|Any CPU.ActiveCfg = Debug|Any CPU
		{75FBC870-4BA0-467F-B2AB-E92660F14172}.Debug|Any CPU.Build.0 = Debug|Any CPU
		{75FBC870-4BA0-467F-B2AB-E92660F14172}.Release|Any CPU.ActiveCfg = Release|Any CPU
		{75FBC870-4BA0-467F-B2AB-E92660F14172}.Release|Any CPU.Build.0 = Release|Any CPU
	EndGlobalSection
	GlobalSection(SolutionProperties) = preSolution
		HideSolutionNode = FALSE
	EndGlobalSection
EndGlobal
